
Microsoft Visual Studio Solution File, Format Version 12.00
# Visual Studio Version 16
VisualStudioVersion = 16.0.29728.190
MinimumVisualStudioVersion = 10.0.40219.1
Project("{9A19103F-16F7-4668-BE54-9A1E7A4F7556}") = "EFCoreGetStarted", "EFCoreGetStarted\EFCoreGetStarted.csproj", "{EC19335E-9DF3-49FB-877B-C7A8AC8078D8}"
EndProject
Project("{FAE04EC0-301F-11D3-BF4B-00C04F79EFBC}") = "EFCoreGetStarted.App", "EFCoreGetStarted.App\EFCoreGetStarted.App.csproj", "{F5FB40CD-0F23-4D7B-9365-B978FDE5B5D5}"
EndProject
Global
	GlobalSection(SolutionConfigurationPlatforms) = preSolution
		Debug|Any CPU = Debug|Any CPU
		Release|Any CPU = Release|Any CPU
	EndGlobalSection
	GlobalSection(ProjectConfigurationPlatforms) = postSolution
		{EC19335E-9DF3-49FB-877B-C7A8AC8078D8}.Debug|Any CPU.ActiveCfg = Debug|Any CPU
		{EC19335E-9DF3-49FB-877B-C7A8AC8078D8}.Debug|Any CPU.Build.0 = Debug|Any CPU
		{EC19335E-9DF3-49FB-877B-C7A8AC8078D8}.Release|Any CPU.ActiveCfg = Release|Any CPU
		{EC19335E-9DF3-49FB-877B-C7A8AC8078D8}.Release|Any CPU.Build.0 = Release|Any CPU
		{F5FB40CD-0F23-4D7B-9365-B978FDE5B5D5}.Debug|Any CPU.ActiveCfg = Debug|Any CPU
		{F5FB40CD-0F23-4D7B-9365-B978FDE5B5D5}.Debug|Any CPU.Build.0 = Debug|Any CPU
		{F5FB40CD-0F23-4D7B-9365-B978FDE5B5D5}.Release|Any CPU.ActiveCfg = Release|Any CPU
		{F5FB40CD-0F23-4D7B-9365-B978FDE5B5D5}.Release|Any CPU.Build.0 = Release|Any CPU
	EndGlobalSection
	GlobalSection(SolutionProperties) = preSolution
		HideSolutionNode = FALSE
	EndGlobalSection
	GlobalSection(ExtensibilityGlobals) = postSolution
		SolutionGuid = {AF9DCD70-B2B7-4CD2-A5D8-6ACF1D66F0F2}
	EndGlobalSection
EndGlobal
